// !$*UTF8*$!
{
	archiveVersion = 1;
	classes = {
	};
	objectVersion = 46;
	objects = {

/* Begin PBXBuildFile section */
		7B04F55D1B78A6BC00157D16 /* CategoryPickerViewController.swift in Sources */ = {isa = PBXBuildFile; fileRef = 7B04F55C1B78A6BC00157D16 /* CategoryPickerViewController.swift */; };
		7B04F55F1B78CD9700157D16 /* HudView.swift in Sources */ = {isa = PBXBuildFile; fileRef = 7B04F55E1B78CD9700157D16 /* HudView.swift */; };
		7B04F5611B78D44800157D16 /* Functions.swift in Sources */ = {isa = PBXBuildFile; fileRef = 7B04F5601B78D44800157D16 /* Functions.swift */; };
		7B0A92B31B78FB6E00963393 /* DataModel.xcdatamodeld in Sources */ = {isa = PBXBuildFile; fileRef = 7B0A92B11B78FB6E00963393 /* DataModel.xcdatamodeld */; };
		7B0A92B61B78FC0900963393 /* Location+CoreDataProperties.swift in Sources */ = {isa = PBXBuildFile; fileRef = 7B0A92B41B78FC0900963393 /* Location+CoreDataProperties.swift */; };
		7B0A92B71B78FC0900963393 /* Location.swift in Sources */ = {isa = PBXBuildFile; fileRef = 7B0A92B51B78FC0900963393 /* Location.swift */; };
		7B0A92B91B7B6DC800963393 /* LocationsViewController.swift in Sources */ = {isa = PBXBuildFile; fileRef = 7B0A92B81B7B6DC800963393 /* LocationsViewController.swift */; };
		7B0A92BB1B7B8C4D00963393 /* LocationCell.swift in Sources */ = {isa = PBXBuildFile; fileRef = 7B0A92BA1B7B8C4D00963393 /* LocationCell.swift */; };
		7B0A92BD1B7CA0AB00963393 /* MapKit.framework in Frameworks */ = {isa = PBXBuildFile; fileRef = 7B0A92BC1B7CA0AB00963393 /* MapKit.framework */; };
		7B0A92BF1B7CA1B000963393 /* MapViewController.swift in Sources */ = {isa = PBXBuildFile; fileRef = 7B0A92BE1B7CA1B000963393 /* MapViewController.swift */; };
		7B0A92C11B7CDE5500963393 /* UIImage+Resize.swift in Sources */ = {isa = PBXBuildFile; fileRef = 7B0A92C01B7CDE5500963393 /* UIImage+Resize.swift */; };
		7B0A92C31B7CE5D400963393 /* String+AddText.swift in Sources */ = {isa = PBXBuildFile; fileRef = 7B0A92C21B7CE5D400963393 /* String+AddText.swift */; };
		7B0A92C51B7D01B100963393 /* MyTabBarController.swift in Sources */ = {isa = PBXBuildFile; fileRef = 7B0A92C41B7D01B100963393 /* MyTabBarController.swift */; };
		7B0A92C71B7D021700963393 /* MyNavigationController.swift in Sources */ = {isa = PBXBuildFile; fileRef = 7B0A92C61B7D021700963393 /* MyNavigationController.swift */; };
		7B0A92C91B7D027C00963393 /* MyImagePickerController.swift in Sources */ = {isa = PBXBuildFile; fileRef = 7B0A92C81B7D027C00963393 /* MyImagePickerController.swift */; };
		7B0A92CF1B7D136500963393 /* Sound.caf in Resources */ = {isa = PBXBuildFile; fileRef = 7B0A92CE1B7D136500963393 /* Sound.caf */; };
		7BC8DCE91B734BAA0093D3A8 /* AppDelegate.swift in Sources */ = {isa = PBXBuildFile; fileRef = 7BC8DCE81B734BAA0093D3A8 /* AppDelegate.swift */; };
		7BC8DCEB1B734BAA0093D3A8 /* CurrentLocationViewController.swift in Sources */ = {isa = PBXBuildFile; fileRef = 7BC8DCEA1B734BAA0093D3A8 /* CurrentLocationViewController.swift */; };
		7BC8DCF01B734BAA0093D3A8 /* Main.storyboard in Resources */ = {isa = PBXBuildFile; fileRef = 7BC8DCEE1B734BAA0093D3A8 /* Main.storyboard */; };
		7BC8DCF21B734BAA0093D3A8 /* Assets.xcassets in Resources */ = {isa = PBXBuildFile; fileRef = 7BC8DCF11B734BAA0093D3A8 /* Assets.xcassets */; };
		7BC8DCFD1B73D1790093D3A8 /* LocationDetailsViewController.swift in Sources */ = {isa = PBXBuildFile; fileRef = 7BC8DCFC1B73D1790093D3A8 /* LocationDetailsViewController.swift */; };
/* End PBXBuildFile section */

/* Begin PBXFileReference section */
		7B04F55C1B78A6BC00157D16 /* CategoryPickerViewController.swift */ = {isa = PBXFileReference; fileEncoding = 4; lastKnownFileType = sourcecode.swift; path = CategoryPickerViewController.swift; sourceTree = "<group>"; };
		7B04F55E1B78CD9700157D16 /* HudView.swift */ = {isa = PBXFileReference; fileEncoding = 4; lastKnownFileType = sourcecode.swift; path = HudView.swift; sourceTree = "<group>"; };
		7B04F5601B78D44800157D16 /* Functions.swift */ = {isa = PBXFileReference; fileEncoding = 4; lastKnownFileType = sourcecode.swift; path = Functions.swift; sourceTree = "<group>"; };
		7B0A92B21B78FB6E00963393 /* DataModel.xcdatamodel */ = {isa = PBXFileReference; lastKnownFileType = wrapper.xcdatamodel; path = DataModel.xcdatamodel; sourceTree = "<group>"; };
		7B0A92B41B78FC0900963393 /* Location+CoreDataProperties.swift */ = {isa = PBXFileReference; fileEncoding = 4; lastKnownFileType = sourcecode.swift; path = "Location+CoreDataProperties.swift"; sourceTree = "<group>"; };
		7B0A92B51B78FC0900963393 /* Location.swift */ = {isa = PBXFileReference; fileEncoding = 4; lastKnownFileType = sourcecode.swift; path = Location.swift; sourceTree = "<group>"; };
		7B0A92B81B7B6DC800963393 /* LocationsViewController.swift */ = {isa = PBXFileReference; fileEncoding = 4; lastKnownFileType = sourcecode.swift; path = LocationsViewController.swift; sourceTree = "<group>"; };
		7B0A92BA1B7B8C4D00963393 /* LocationCell.swift */ = {isa = PBXFileReference; fileEncoding = 4; lastKnownFileType = sourcecode.swift; path = LocationCell.swift; sourceTree = "<group>"; };
		7B0A92BC1B7CA0AB00963393 /* MapKit.framework */ = {isa = PBXFileReference; lastKnownFileType = wrapper.framework; name = MapKit.framework; path = System/Library/Frameworks/MapKit.framework; sourceTree = SDKROOT; };
		7B0A92BE1B7CA1B000963393 /* MapViewController.swift */ = {isa = PBXFileReference; fileEncoding = 4; lastKnownFileType = sourcecode.swift; path = MapViewController.swift; sourceTree = "<group>"; };
		7B0A92C01B7CDE5500963393 /* UIImage+Resize.swift */ = {isa = PBXFileReference; fileEncoding = 4; lastKnownFileType = sourcecode.swift; path = "UIImage+Resize.swift"; sourceTree = "<group>"; };
		7B0A92C21B7CE5D400963393 /* String+AddText.swift */ = {isa = PBXFileReference; fileEncoding = 4; lastKnownFileType = sourcecode.swift; path = "String+AddText.swift"; sourceTree = "<group>"; };
		7B0A92C41B7D01B100963393 /* MyTabBarController.swift */ = {isa = PBXFileReference; fileEncoding = 4; lastKnownFileType = sourcecode.swift; path = MyTabBarController.swift; sourceTree = "<group>"; };
		7B0A92C61B7D021700963393 /* MyNavigationController.swift */ = {isa = PBXFileReference; fileEncoding = 4; lastKnownFileType = sourcecode.swift; path = MyNavigationController.swift; sourceTree = "<group>"; };
		7B0A92C81B7D027C00963393 /* MyImagePickerController.swift */ = {isa = PBXFileReference; fileEncoding = 4; lastKnownFileType = sourcecode.swift; path = MyImagePickerController.swift; sourceTree = "<group>"; };
		7B0A92CE1B7D136500963393 /* Sound.caf */ = {isa = PBXFileReference; lastKnownFileType = file; path = Sound.caf; sourceTree = "<group>"; };
		7BC8DCE51B734BAA0093D3A8 /* MyLocations.app */ = {isa = PBXFileReference; explicitFileType = wrapper.application; includeInIndex = 0; path = MyLocations.app; sourceTree = BUILT_PRODUCTS_DIR; };
		7BC8DCE81B734BAA0093D3A8 /* AppDelegate.swift */ = {isa = PBXFileReference; lastKnownFileType = sourcecode.swift; path = AppDelegate.swift; sourceTree = "<group>"; };
		7BC8DCEA1B734BAA0093D3A8 /* CurrentLocationViewController.swift */ = {isa = PBXFileReference; lastKnownFileType = sourcecode.swift; path = CurrentLocationViewController.swift; sourceTree = "<group>"; };
		7BC8DCEF1B734BAA0093D3A8 /* Base */ = {isa = PBXFileReference; lastKnownFileType = file.storyboard; name = Base; path = Base.lproj/Main.storyboard; sourceTree = "<group>"; };
		7BC8DCF11B734BAA0093D3A8 /* Assets.xcassets */ = {isa = PBXFileReference; lastKnownFileType = folder.assetcatalog; path = Assets.xcassets; sourceTree = "<group>"; };
		7BC8DCF61B734BAA0093D3A8 /* Info.plist */ = {isa = PBXFileReference; lastKnownFileType = text.plist.xml; path = Info.plist; sourceTree = "<group>"; };
		7BC8DCFC1B73D1790093D3A8 /* LocationDetailsViewController.swift */ = {isa = PBXFileReference; fileEncoding = 4; lastKnownFileType = sourcecode.swift; path = LocationDetailsViewController.swift; sourceTree = "<group>"; };
/* End PBXFileReference section */

/* Begin PBXFrameworksBuildPhase section */
		7BC8DCE21B734BAA0093D3A8 /* Frameworks */ = {
			isa = PBXFrameworksBuildPhase;
			buildActionMask = 2147483647;
			files = (
				7B0A92BD1B7CA0AB00963393 /* MapKit.framework in Frameworks */,
			);
			runOnlyForDeploymentPostprocessing = 0;
		};
/* End PBXFrameworksBuildPhase section */

/* Begin PBXGroup section */
		7B0A92CD1B7D136500963393 /* Sound */ = {
			isa = PBXGroup;
			children = (
				7B0A92CE1B7D136500963393 /* Sound.caf */,
			);
			path = Sound;
			sourceTree = "<group>";
		};
		7BC8DCDC1B734BAA0093D3A8 = {
			isa = PBXGroup;
			children = (
				7B0A92BC1B7CA0AB00963393 /* MapKit.framework */,
				7BC8DCE71B734BAA0093D3A8 /* MyLocations */,
				7BC8DCE61B734BAA0093D3A8 /* Products */,
			);
			sourceTree = "<group>";
		};
		7BC8DCE61B734BAA0093D3A8 /* Products */ = {
			isa = PBXGroup;
			children = (
				7BC8DCE51B734BAA0093D3A8 /* MyLocations.app */,
			);
			name = Products;
			sourceTree = "<group>";
		};
		7BC8DCE71B734BAA0093D3A8 /* MyLocations */ = {
			isa = PBXGroup;
			children = (
				7BC8DCE81B734BAA0093D3A8 /* AppDelegate.swift */,
				7BC8DCF11B734BAA0093D3A8 /* Assets.xcassets */,
				7B04F55C1B78A6BC00157D16 /* CategoryPickerViewController.swift */,
				7BC8DCEA1B734BAA0093D3A8 /* CurrentLocationViewController.swift */,
				7B0A92B11B78FB6E00963393 /* DataModel.xcdatamodeld */,
				7B04F5601B78D44800157D16 /* Functions.swift */,
				7B04F55E1B78CD9700157D16 /* HudView.swift */,
				7BC8DCF61B734BAA0093D3A8 /* Info.plist */,
				7B0A92B51B78FC0900963393 /* Location.swift */,
				7B0A92B41B78FC0900963393 /* Location+CoreDataProperties.swift */,
				7B0A92BA1B7B8C4D00963393 /* LocationCell.swift */,
				7BC8DCFC1B73D1790093D3A8 /* LocationDetailsViewController.swift */,
				7B0A92B81B7B6DC800963393 /* LocationsViewController.swift */,
				7BC8DCEE1B734BAA0093D3A8 /* Main.storyboard */,
				7B0A92BE1B7CA1B000963393 /* MapViewController.swift */,
				7B0A92C81B7D027C00963393 /* MyImagePickerController.swift */,
				7B0A92C61B7D021700963393 /* MyNavigationController.swift */,
				7B0A92C41B7D01B100963393 /* MyTabBarController.swift */,
				7B0A92CD1B7D136500963393 /* Sound */,
				7B0A92C21B7CE5D400963393 /* String+AddText.swift */,
				7B0A92C01B7CDE5500963393 /* UIImage+Resize.swift */,
			);
			path = MyLocations;
			sourceTree = "<group>";
		};
/* End PBXGroup section */

/* Begin PBXNativeTarget section */
		7BC8DCE41B734BAA0093D3A8 /* MyLocations */ = {
			isa = PBXNativeTarget;
			buildConfigurationList = 7BC8DCF91B734BAA0093D3A8 /* Build configuration list for PBXNativeTarget "MyLocations" */;
			buildPhases = (
				7BC8DCE11B734BAA0093D3A8 /* Sources */,
				7BC8DCE21B734BAA0093D3A8 /* Frameworks */,
				7BC8DCE31B734BAA0093D3A8 /* Resources */,
			);
			buildRules = (
			);
			dependencies = (
			);
			name = MyLocations;
			productName = MyLocations;
			productReference = 7BC8DCE51B734BAA0093D3A8 /* MyLocations.app */;
			productType = "com.apple.product-type.application";
		};
/* End PBXNativeTarget section */

/* Begin PBXProject section */
		7BC8DCDD1B734BAA0093D3A8 /* Project object */ = {
			isa = PBXProject;
			attributes = {
				LastUpgradeCheck = 0800;
				ORGANIZATIONNAME = Razeware;
				TargetAttributes = {
					7BC8DCE41B734BAA0093D3A8 = {
						CreatedOnToolsVersion = 7.0;
						DevelopmentTeam = EGCPQ69VHF;
						LastSwiftMigration = 0800;
					};
				};
			};
			buildConfigurationList = 7BC8DCE01B734BAA0093D3A8 /* Build configuration list for PBXProject "MyLocations" */;
			compatibilityVersion = "Xcode 3.2";
			developmentRegion = English;
			hasScannedForEncodings = 0;
			knownRegions = (
				en,
				Base,
			);
			mainGroup = 7BC8DCDC1B734BAA0093D3A8;
			productRefGroup = 7BC8DCE61B734BAA0093D3A8 /* Products */;
			projectDirPath = "";
			projectRoot = "";
			targets = (
				7BC8DCE41B734BAA0093D3A8 /* MyLocations */,
			);
		};
/* End PBXProject section */

/* Begin PBXResourcesBuildPhase section */
		7BC8DCE31B734BAA0093D3A8 /* Resources */ = {
			isa = PBXResourcesBuildPhase;
			buildActionMask = 2147483647;
			files = (
				7BC8DCF21B734BAA0093D3A8 /* Assets.xcassets in Resources */,
				7B0A92CF1B7D136500963393 /* Sound.caf in Resources */,
				7BC8DCF01B734BAA0093D3A8 /* Main.storyboard in Resources */,
			);
			runOnlyForDeploymentPostprocessing = 0;
		};
/* End PBXResourcesBuildPhase section */

/* Begin PBXSourcesBuildPhase section */
		7BC8DCE11B734BAA0093D3A8 /* Sources */ = {
			isa = PBXSourcesBuildPhase;
			buildActionMask = 2147483647;
			files = (
				7BC8DCFD1B73D1790093D3A8 /* LocationDetailsViewController.swift in Sources */,
				7B0A92C71B7D021700963393 /* MyNavigationController.swift in Sources */,
				7B0A92B31B78FB6E00963393 /* DataModel.xcdatamodeld in Sources */,
				7B0A92C91B7D027C00963393 /* MyImagePickerController.swift in Sources */,
				7B0A92B71B78FC0900963393 /* Location.swift in Sources */,
				7B0A92B91B7B6DC800963393 /* LocationsViewController.swift in Sources */,
				7B04F55F1B78CD9700157D16 /* HudView.swift in Sources */,
				7B0A92BF1B7CA1B000963393 /* MapViewController.swift in Sources */,
				7B0A92C11B7CDE5500963393 /* UIImage+Resize.swift in Sources */,
				7B0A92BB1B7B8C4D00963393 /* LocationCell.swift in Sources */,
				7B04F5611B78D44800157D16 /* Functions.swift in Sources */,
				7B0A92B61B78FC0900963393 /* Location+CoreDataProperties.swift in Sources */,
				7BC8DCE91B734BAA0093D3A8 /* AppDelegate.swift in Sources */,
				7B0A92C31B7CE5D400963393 /* String+AddText.swift in Sources */,
				7B04F55D1B78A6BC00157D16 /* CategoryPickerViewController.swift in Sources */,
				7BC8DCEB1B734BAA0093D3A8 /* CurrentLocationViewController.swift in Sources */,
				7B0A92C51B7D01B100963393 /* MyTabBarController.swift in Sources */,
			);
			runOnlyForDeploymentPostprocessing = 0;
		};
/* End PBXSourcesBuildPhase section */

/* Begin PBXVariantGroup section */
		7BC8DCEE1B734BAA0093D3A8 /* Main.storyboard */ = {
			isa = PBXVariantGroup;
			children = (
				7BC8DCEF1B734BAA0093D3A8 /* Base */,
			);
			name = Main.storyboard;
			sourceTree = "<group>";
		};
/* End PBXVariantGroup section */

/* Begin XCBuildConfiguration section */
		7BC8DCF71B734BAA0093D3A8 /* Debug */ = {
			isa = XCBuildConfiguration;
			buildSettings = {
				ALWAYS_SEARCH_USER_PATHS = NO;
				CLANG_CXX_LANGUAGE_STANDARD = "gnu++0x";
				CLANG_CXX_LIBRARY = "libc++";
				CLANG_ENABLE_MODULES = YES;
				CLANG_ENABLE_OBJC_ARC = YES;
				CLANG_WARN_BOOL_CONVERSION = YES;
				CLANG_WARN_CONSTANT_CONVERSION = YES;
				CLANG_WARN_DIRECT_OBJC_ISA_USAGE = YES_ERROR;
				CLANG_WARN_EMPTY_BODY = YES;
				CLANG_WARN_ENUM_CONVERSION = YES;
				CLANG_WARN_INT_CONVERSION = YES;
				CLANG_WARN_OBJC_ROOT_CLASS = YES_ERROR;
				CLANG_WARN_UNREACHABLE_CODE = YES;
				CLANG_WARN__DUPLICATE_METHOD_MATCH = YES;
				"CODE_SIGN_IDENTITY[sdk=iphoneos*]" = "iPhone Developer";
				COPY_PHASE_STRIP = NO;
				DEBUG_INFORMATION_FORMAT = dwarf;
				ENABLE_STRICT_OBJC_MSGSEND = YES;
				ENABLE_TESTABILITY = YES;
				GCC_C_LANGUAGE_STANDARD = gnu99;
				GCC_DYNAMIC_NO_PIC = NO;
				GCC_NO_COMMON_BLOCKS = YES;
				GCC_OPTIMIZATION_LEVEL = 0;
				GCC_PREPROCESSOR_DEFINITIONS = (
					"DEBUG=1",
					"$(inherited)",
				);
				GCC_WARN_64_TO_32_BIT_CONVERSION = YES;
				GCC_WARN_ABOUT_RETURN_TYPE = YES_ERROR;
				GCC_WARN_UNDECLARED_SELECTOR = YES;
				GCC_WARN_UNINITIALIZED_AUTOS = YES_AGGRESSIVE;
				GCC_WARN_UNUSED_FUNCTION = YES;
				GCC_WARN_UNUSED_VARIABLE = YES;
				IPHONEOS_DEPLOYMENT_TARGET = 9.0;
				MTL_ENABLE_DEBUG_INFO = YES;
				ONLY_ACTIVE_ARCH = YES;
				SDKROOT = iphoneos;
				SWIFT_OPTIMIZATION_LEVEL = "-Onone";
			};
			name = Debug;
		};
		7BC8DCF81B734BAA0093D3A8 /* Release */ = {
			isa = XCBuildConfiguration;
			buildSettings = {
				ALWAYS_SEARCH_USER_PATHS = NO;
				CLANG_CXX_LANGUAGE_STANDARD = "gnu++0x";
				CLANG_CXX_LIBRARY = "libc++";
				CLANG_ENABLE_MODULES = YES;
				CLANG_ENABLE_OBJC_ARC = YES;
				CLANG_WARN_BOOL_CONVERSION = YES;
				CLANG_WARN_CONSTANT_CONVERSION = YES;
				CLANG_WARN_DIRECT_OBJC_ISA_USAGE = YES_ERROR;
				CLANG_WARN_EMPTY_BODY = YES;
				CLANG_WARN_ENUM_CONVERSION = YES;
				CLANG_WARN_INT_CONVERSION = YES;
				CLANG_WARN_OBJC_ROOT_CLASS = YES_ERROR;
				CLANG_WARN_UNREACHABLE_CODE = YES;
				CLANG_WARN__DUPLICATE_METHOD_MATCH = YES;
				"CODE_SIGN_IDENTITY[sdk=iphoneos*]" = "iPhone Developer";
				COPY_PHASE_STRIP = NO;
				DEBUG_INFORMATION_FORMAT = "dwarf-with-dsym";
				ENABLE_NS_ASSERTIONS = NO;
				ENABLE_STRICT_OBJC_MSGSEND = YES;
				GCC_C_LANGUAGE_STANDARD = gnu99;
				GCC_NO_COMMON_BLOCKS = YES;
				GCC_WARN_64_TO_32_BIT_CONVERSION = YES;
				GCC_WARN_ABOUT_RETURN_TYPE = YES_ERROR;
				GCC_WARN_UNDECLARED_SELECTOR = YES;
				GCC_WARN_UNINITIALIZED_AUTOS = YES_AGGRESSIVE;
				GCC_WARN_UNUSED_FUNCTION = YES;
				GCC_WARN_UNUSED_VARIABLE = YES;
				IPHONEOS_DEPLOYMENT_TARGET = 9.0;
				MTL_ENABLE_DEBUG_INFO = NO;
				SDKROOT = iphoneos;
				VALIDATE_PRODUCT = YES;
			};
			name = Release;
		};
		7BC8DCFA1B734BAA0093D3A8 /* Debug */ = {
			isa = XCBuildConfiguration;
			buildSettings = {
				ASSETCATALOG_COMPILER_APPICON_NAME = AppIcon;
				ASSETCATALOG_COMPILER_LAUNCHIMAGE_NAME = BrandAsset;
				CODE_SIGN_IDENTITY = "iPhone Developer";
				INFOPLIST_FILE = MyLocations/Info.plist;
				LD_RUNPATH_SEARCH_PATHS = "$(inherited) @executable_path/Frameworks";
				PRODUCT_BUNDLE_IDENTIFIER = com.Avinav.MyLocations;
				PRODUCT_NAME = "$(TARGET_NAME)";
				SWIFT_VERSION = 2.3;
			};
			name = Debug;
		};
		7BC8DCFB1B734BAA0093D3A8 /* Release */ = {
			isa = XCBuildConfiguration;
			buildSettings = {
				ASSETCATALOG_COMPILER_APPICON_NAME = AppIcon;
				ASSETCATALOG_COMPILER_LAUNCHIMAGE_NAME = BrandAsset;
				CODE_SIGN_IDENTITY = "iPhone Developer";
				INFOPLIST_FILE = MyLocations/Info.plist;
				LD_RUNPATH_SEARCH_PATHS = "$(inherited) @executable_path/Frameworks";
				PRODUCT_BUNDLE_IDENTIFIER = com.Avinav.MyLocations;
				PRODUCT_NAME = "$(TARGET_NAME)";
				SWIFT_OPTIMIZATION_LEVEL = "-Owholemodule";
				SWIFT_VERSION = 2.3;
			};
			name = Release;
		};
/* End XCBuildConfiguration section */

/* Begin XCConfigurationList section */
		7BC8DCE01B734BAA0093D3A8 /* Build configuration list for PBXProject "MyLocations" */ = {
			isa = XCConfigurationList;
			buildConfigurations = (
				7BC8DCF71B734BAA0093D3A8 /* Debug */,
				7BC8DCF81B734BAA0093D3A8 /* Release */,
			);
			defaultConfigurationIsVisible = 0;
			defaultConfigurationName = Release;
		};
		7BC8DCF91B734BAA0093D3A8 /* Build configuration list for PBXNativeTarget "MyLocations" */ = {
			isa = XCConfigurationList;
			buildConfigurations = (
				7BC8DCFA1B734BAA0093D3A8 /* Debug */,
				7BC8DCFB1B734BAA0093D3A8 /* Release */,
			);
			defaultConfigurationIsVisible = 0;
			defaultConfigurationName = Release;
		};
/* End XCConfigurationList section */

/* Begin XCVersionGroup section */
		7B0A92B11B78FB6E00963393 /* DataModel.xcdatamodeld */ = {
			isa = XCVersionGroup;
			children = (
				7B0A92B21B78FB6E00963393 /* DataModel.xcdatamodel */,
			);
			currentVersion = 7B0A92B21B78FB6E00963393 /* DataModel.xcdatamodel */;
			path = DataModel.xcdatamodeld;
			sourceTree = "<group>";
			versionGroupType = wrapper.xcdatamodel;
		};
/* End XCVersionGroup section */
	};
	rootObject = 7BC8DCDD1B734BAA0093D3A8 /* Project object */;
}
